
Microsoft Visual Studio Solution File, Format Version 12.00
# Visual Studio Version 16
VisualStudioVersion = 16.0.31410.223
MinimumVisualStudioVersion = 10.0.40219.1
Project("{D954291E-2A0B-460D-934E-DC6B0785DB48}") = "POSUNO.Shared", "POSUNO\POSUNO.Shared\POSUNO.Shared.shproj", "{6279C845-92F8-4333-AB99-3D213163593C}"
EndProject
Project("{2150E333-8FDC-42A3-9474-1A3956D46DE8}") = "Platforms", "Platforms", "{FB298C07-A144-479C-A5B7-AAE55DAACD45}"
EndProject
Project("{FAE04EC0-301F-11D3-BF4B-00C04F79EFBC}") = "POSUNO.Droid", "POSUNO\POSUNO.Droid\POSUNO.Droid.csproj", "{7A5D600D-754E-41F4-842C-97D4D6338EE8}"
EndProject
Project("{FAE04EC0-301F-11D3-BF4B-00C04F79EFBC}") = "POSUNO.iOS", "POSUNO\POSUNO.iOS\POSUNO.iOS.csproj", "{FF17D586-BBD6-49FC-A8DF-2D9F664582DC}"
EndProject
Project("{FAE04EC0-301F-11D3-BF4B-00C04F79EFBC}") = "POSUNO.UWP", "POSUNO\POSUNO.UWP\POSUNO.UWP.csproj", "{B7123586-6D02-4B5D-8DA5-203F6236D4D3}"
EndProject
Project("{FAE04EC0-301F-11D3-BF4B-00C04F79EFBC}") = "POSUNO.Wasm", "POSUNO\POSUNO.Wasm\POSUNO.Wasm.csproj", "{F52BBB40-1ADE-4B66-AAD0-550858E929C6}"
EndProject
Project("{FAE04EC0-301F-11D3-BF4B-00C04F79EFBC}") = "POSUNO.macOS", "POSUNO\POSUNO.macOS\POSUNO.macOS.csproj", "{C2630437-24B6-468F-9DB4-630216B1F854}"
EndProject
Project("{FAE04EC0-301F-11D3-BF4B-00C04F79EFBC}") = "POSUNO.Skia.Wpf.Host", "POSUNO\POSUNO.Skia.Wpf.Host\POSUNO.Skia.Wpf.Host.csproj", "{34BA8DA8-11C2-4270-82B3-7C48B666D92D}"
EndProject
Project("{FAE04EC0-301F-11D3-BF4B-00C04F79EFBC}") = "POSUNO.Skia.Wpf", "POSUNO\POSUNO.Skia.Wpf\POSUNO.Skia.Wpf.csproj", "{641A4A34-8780-4B8C-930B-02D5803A013F}"
EndProject
Project("{FAE04EC0-301F-11D3-BF4B-00C04F79EFBC}") = "POSUNO.Skia.Gtk", "POSUNO\POSUNO.Skia.Gtk\POSUNO.Skia.Gtk.csproj", "{7F16D9E9-BB58-4526-8CA0-863C938E867C}"
EndProject
Project("{FAE04EC0-301F-11D3-BF4B-00C04F79EFBC}") = "POSUNO.Skia.Tizen", "POSUNO\POSUNO.Skia.Tizen\POSUNO.Skia.Tizen.csproj", "{DEB4437C-CF35-4E16-B0EB-DFF3430D53FE}"
EndProject
Project("{FAE04EC0-301F-11D3-BF4B-00C04F79EFBC}") = "POSUNO.Api", "..\POSUNO.Api\POSUNO.Api.csproj", "{DE7E9780-F1C8-4E4C-88D0-1A532476DD65}"
EndProject
Global
	GlobalSection(SharedMSBuildProjectFiles) = preSolution
		POSUNO\POSUNO.Shared\POSUNO.Shared.projitems*{6279c845-92f8-4333-ab99-3d213163593c}*SharedItemsImports = 13
		POSUNO\POSUNO.Shared\POSUNO.Shared.projitems*{641a4a34-8780-4b8c-930b-02d5803a013f}*SharedItemsImports = 5
		POSUNO\POSUNO.Shared\POSUNO.Shared.projitems*{7a5d600d-754e-41f4-842c-97d4d6338ee8}*SharedItemsImports = 4
		POSUNO\POSUNO.Shared\POSUNO.Shared.projitems*{7f16d9e9-bb58-4526-8ca0-863c938e867c}*SharedItemsImports = 5
		POSUNO\POSUNO.Shared\POSUNO.Shared.projitems*{b7123586-6d02-4b5d-8da5-203f6236d4d3}*SharedItemsImports = 4
		POSUNO\POSUNO.Shared\POSUNO.Shared.projitems*{c2630437-24b6-468f-9db4-630216b1f854}*SharedItemsImports = 4
		POSUNO\POSUNO.Shared\POSUNO.Shared.projitems*{deb4437c-cf35-4e16-b0eb-dff3430d53fe}*SharedItemsImports = 5
		POSUNO\POSUNO.Shared\POSUNO.Shared.projitems*{f52bbb40-1ade-4b66-aad0-550858e929c6}*SharedItemsImports = 5
		POSUNO\POSUNO.Shared\POSUNO.Shared.projitems*{ff17d586-bbd6-49fc-a8df-2d9f664582dc}*SharedItemsImports = 4
	EndGlobalSection
	GlobalSection(SolutionConfigurationPlatforms) = preSolution
		Ad-Hoc|Any CPU = Ad-Hoc|Any CPU
		Ad-Hoc|ARM = Ad-Hoc|ARM
		Ad-Hoc|ARM64 = Ad-Hoc|ARM64
		Ad-Hoc|iPhone = Ad-Hoc|iPhone
		Ad-Hoc|iPhoneSimulator = Ad-Hoc|iPhoneSimulator
		Ad-Hoc|x64 = Ad-Hoc|x64
		Ad-Hoc|x86 = Ad-Hoc|x86
		AppStore|Any CPU = AppStore|Any CPU
		AppStore|ARM = AppStore|ARM
		AppStore|ARM64 = AppStore|ARM64
		AppStore|iPhone = AppStore|iPhone
		AppStore|iPhoneSimulator = AppStore|iPhoneSimulator
		AppStore|x64 = AppStore|x64
		AppStore|x86 = AppStore|x86
		Debug|Any CPU = Debug|Any CPU
		Debug|ARM = Debug|ARM
		Debug|ARM64 = Debug|ARM64
		Debug|iPhone = Debug|iPhone
		Debug|iPhoneSimulator = Debug|iPhoneSimulator
		Debug|x64 = Debug|x64
		Debug|x86 = Debug|x86
		Release|Any CPU = Release|Any CPU
		Release|ARM = Release|ARM
		Release|ARM64 = Release|ARM64
		Release|iPhone = Release|iPhone
		Release|iPhoneSimulator = Release|iPhoneSimulator
		Release|x64 = Release|x64
		Release|x86 = Release|x86
	EndGlobalSection
	GlobalSection(ProjectConfigurationPlatforms) = postSolution
		{7A5D600D-754E-41F4-842C-97D4D6338EE8}.Ad-Hoc|Any CPU.ActiveCfg = Debug|Any CPU
		{7A5D600D-754E-41F4-842C-97D4D6338EE8}.Ad-Hoc|Any CPU.Build.0 = Debug|Any CPU
		{7A5D600D-754E-41F4-842C-97D4D6338EE8}.Ad-Hoc|Any CPU.Deploy.0 = Debug|Any CPU
		{7A5D600D-754E-41F4-842C-97D4D6338EE8}.Ad-Hoc|ARM.ActiveCfg = Debug|Any CPU
		{7A5D600D-754E-41F4-842C-97D4D6338EE8}.Ad-Hoc|ARM.Build.0 = Debug|Any CPU
		{7A5D600D-754E-41F4-842C-97D4D6338EE8}.Ad-Hoc|ARM.Deploy.0 = Debug|Any CPU
		{7A5D600D-754E-41F4-842C-97D4D6338EE8}.Ad-Hoc|ARM64.ActiveCfg = Debug|Any CPU
		{7A5D600D-754E-41F4-842C-97D4D6338EE8}.Ad-Hoc|ARM64.Build.0 = Debug|Any CPU
		{7A5D600D-754E-41F4-842C-97D4D6338EE8}.Ad-Hoc|ARM64.Deploy.0 = Debug|Any CPU
		{7A5D600D-754E-41F4-842C-97D4D6338EE8}.Ad-Hoc|iPhone.ActiveCfg = Debug|Any CPU
		{7A5D600D-754E-41F4-842C-97D4D6338EE8}.Ad-Hoc|iPhone.Build.0 = Debug|Any CPU
		{7A5D600D-754E-41F4-842C-97D4D6338EE8}.Ad-Hoc|iPhone.Deploy.0 = Debug|Any CPU
		{7A5D600D-754E-41F4-842C-97D4D6338EE8}.Ad-Hoc|iPhoneSimulator.ActiveCfg = Debug|Any CPU
		{7A5D600D-754E-41F4-842C-97D4D6338EE8}.Ad-Hoc|iPhoneSimulator.Build.0 = Debug|Any CPU
		{7A5D600D-754E-41F4-842C-97D4D6338EE8}.Ad-Hoc|iPhoneSimulator.Deploy.0 = Debug|Any CPU
		{7A5D600D-754E-41F4-842C-97D4D6338EE8}.Ad-Hoc|x64.ActiveCfg = Debug|Any CPU
		{7A5D600D-754E-41F4-842C-97D4D6338EE8}.Ad-Hoc|x64.Build.0 = Debug|Any CPU
		{7A5D600D-754E-41F4-842C-97D4D6338EE8}.Ad-Hoc|x64.Deploy.0 = Debug|Any CPU
		{7A5D600D-754E-41F4-842C-97D4D6338EE8}.Ad-Hoc|x86.ActiveCfg = Debug|Any CPU
		{7A5D600D-754E-41F4-842C-97D4D6338EE8}.Ad-Hoc|x86.Build.0 = Debug|Any CPU
		{7A5D600D-754E-41F4-842C-97D4D6338EE8}.Ad-Hoc|x86.Deploy.0 = Debug|Any CPU
		{7A5D600D-754E-41F4-842C-97D4D6338EE8}.AppStore|Any CPU.ActiveCfg = Debug|Any CPU
		{7A5D600D-754E-41F4-842C-97D4D6338EE8}.AppStore|Any CPU.Build.0 = Debug|Any CPU
		{7A5D600D-754E-41F4-842C-97D4D6338EE8}.AppStore|Any CPU.Deploy.0 = Debug|Any CPU
		{7A5D600D-754E-41F4-842C-97D4D6338EE8}.AppStore|ARM.ActiveCfg = Debug|Any CPU
		{7A5D600D-754E-41F4-842C-97D4D6338EE8}.AppStore|ARM.Build.0 = Debug|Any CPU
		{7A5D600D-754E-41F4-842C-97D4D6338EE8}.AppStore|ARM.Deploy.0 = Debug|Any CPU
		{7A5D600D-754E-41F4-842C-97D4D6338EE8}.AppStore|ARM64.ActiveCfg = Debug|Any CPU
		{7A5D600D-754E-41F4-842C-97D4D6338EE8}.AppStore|ARM64.Build.0 = Debug|Any CPU
		{7A5D600D-754E-41F4-842C-97D4D6338EE8}.AppStore|ARM64.Deploy.0 = Debug|Any CPU
		{7A5D600D-754E-41F4-842C-97D4D6338EE8}.AppStore|iPhone.ActiveCfg = Debug|Any CPU
		{7A5D600D-754E-41F4-842C-97D4D6338EE8}.AppStore|iPhone.Build.0 = Debug|Any CPU
		{7A5D600D-754E-41F4-842C-97D4D6338EE8}.AppStore|iPhone.Deploy.0 = Debug|Any CPU
		{7A5D600D-754E-41F4-842C-97D4D6338EE8}.AppStore|iPhoneSimulator.ActiveCfg = Debug|Any CPU
		{7A5D600D-754E-41F4-842C-97D4D6338EE8}.AppStore|iPhoneSimulator.Build.0 = Debug|Any CPU
		{7A5D600D-754E-41F4-842C-97D4D6338EE8}.AppStore|iPhoneSimulator.Deploy.0 = Debug|Any CPU
		{7A5D600D-754E-41F4-842C-97D4D6338EE8}.AppStore|x64.ActiveCfg = Debug|Any CPU
		{7A5D600D-754E-41F4-842C-97D4D6338EE8}.AppStore|x64.Build.0 = Debug|Any CPU
		{7A5D600D-754E-41F4-842C-97D4D6338EE8}.AppStore|x64.Deploy.0 = Debug|Any CPU
		{7A5D600D-754E-41F4-842C-97D4D6338EE8}.AppStore|x86.ActiveCfg = Debug|Any CPU
		{7A5D600D-754E-41F4-842C-97D4D6338EE8}.AppStore|x86.Build.0 = Debug|Any CPU
		{7A5D600D-754E-41F4-842C-97D4D6338EE8}.AppStore|x86.Deploy.0 = Debug|Any CPU
		{7A5D600D-754E-41F4-842C-97D4D6338EE8}.Debug|Any CPU.ActiveCfg = Debug|Any CPU
		{7A5D600D-754E-41F4-842C-97D4D6338EE8}.Debug|Any CPU.Build.0 = Debug|Any CPU
		{7A5D600D-754E-41F4-842C-97D4D6338EE8}.Debug|Any CPU.Deploy.0 = Debug|Any CPU
		{7A5D600D-754E-41F4-842C-97D4D6338EE8}.Debug|ARM.ActiveCfg = Debug|Any CPU
		{7A5D600D-754E-41F4-842C-97D4D6338EE8}.Debug|ARM.Build.0 = Debug|Any CPU
		{7A5D600D-754E-41F4-842C-97D4D6338EE8}.Debug|ARM.Deploy.0 = Debug|Any CPU
		{7A5D600D-754E-41F4-842C-97D4D6338EE8}.Debug|ARM64.ActiveCfg = Debug|Any CPU
		{7A5D600D-754E-41F4-842C-97D4D6338EE8}.Debug|ARM64.Build.0 = Debug|Any CPU
		{7A5D600D-754E-41F4-842C-97D4D6338EE8}.Debug|ARM64.Deploy.0 = Debug|Any CPU
		{7A5D600D-754E-41F4-842C-97D4D6338EE8}.Debug|iPhone.ActiveCfg = Debug|Any CPU
		{7A5D600D-754E-41F4-842C-97D4D6338EE8}.Debug|iPhone.Build.0 = Debug|Any CPU
		{7A5D600D-754E-41F4-842C-97D4D6338EE8}.Debug|iPhone.Deploy.0 = Debug|Any CPU
		{7A5D600D-754E-41F4-842C-97D4D6338EE8}.Debug|iPhoneSimulator.ActiveCfg = Debug|Any CPU
		{7A5D600D-754E-41F4-842C-97D4D6338EE8}.Debug|iPhoneSimulator.Build.0 = Debug|Any CPU
		{7A5D600D-754E-41F4-842C-97D4D6338EE8}.Debug|iPhoneSimulator.Deploy.0 = Debug|Any CPU
		{7A5D600D-754E-41F4-842C-97D4D6338EE8}.Debug|x64.ActiveCfg = Debug|Any CPU
		{7A5D600D-754E-41F4-842C-97D4D6338EE8}.Debug|x64.Build.0 = Debug|Any CPU
		{7A5D600D-754E-41F4-842C-97D4D6338EE8}.Debug|x64.Deploy.0 = Debug|Any CPU
		{7A5D600D-754E-41F4-842C-97D4D6338EE8}.Debug|x86.ActiveCfg = Debug|Any CPU
		{7A5D600D-754E-41F4-842C-97D4D6338EE8}.Debug|x86.Build.0 = Debug|Any CPU
		{7A5D600D-754E-41F4-842C-97D4D6338EE8}.Debug|x86.Deploy.0 = Debug|Any CPU
		{7A5D600D-754E-41F4-842C-97D4D6338EE8}.Release|Any CPU.ActiveCfg = Release|Any CPU
		{7A5D600D-754E-41F4-842C-97D4D6338EE8}.Release|Any CPU.Build.0 = Release|Any CPU
		{7A5D600D-754E-41F4-842C-97D4D6338EE8}.Release|Any CPU.Deploy.0 = Release|Any CPU
		{7A5D600D-754E-41F4-842C-97D4D6338EE8}.Release|ARM.ActiveCfg = Release|Any CPU
		{7A5D600D-754E-41F4-842C-97D4D6338EE8}.Release|ARM.Build.0 = Release|Any CPU
		{7A5D600D-754E-41F4-842C-97D4D6338EE8}.Release|ARM.Deploy.0 = Release|Any CPU
		{7A5D600D-754E-41F4-842C-97D4D6338EE8}.Release|ARM64.ActiveCfg = Release|Any CPU
		{7A5D600D-754E-41F4-842C-97D4D6338EE8}.Release|ARM64.Build.0 = Release|Any CPU
		{7A5D600D-754E-41F4-842C-97D4D6338EE8}.Release|ARM64.Deploy.0 = Release|Any CPU
		{7A5D600D-754E-41F4-842C-97D4D6338EE8}.Release|iPhone.ActiveCfg = Release|Any CPU
		{7A5D600D-754E-41F4-842C-97D4D6338EE8}.Release|iPhone.Build.0 = Release|Any CPU
		{7A5D600D-754E-41F4-842C-97D4D6338EE8}.Release|iPhone.Deploy.0 = Release|Any CPU
		{7A5D600D-754E-41F4-842C-97D4D6338EE8}.Release|iPhoneSimulator.ActiveCfg = Release|Any CPU
		{7A5D600D-754E-41F4-842C-97D4D6338EE8}.Release|iPhoneSimulator.Build.0 = Release|Any CPU
		{7A5D600D-754E-41F4-842C-97D4D6338EE8}.Release|iPhoneSimulator.Deploy.0 = Release|Any CPU
		{7A5D600D-754E-41F4-842C-97D4D6338EE8}.Release|x64.ActiveCfg = Release|Any CPU
		{7A5D600D-754E-41F4-842C-97D4D6338EE8}.Release|x64.Build.0 = Release|Any CPU
		{7A5D600D-754E-41F4-842C-97D4D6338EE8}.Release|x64.Deploy.0 = Release|Any CPU
		{7A5D600D-754E-41F4-842C-97D4D6338EE8}.Release|x86.ActiveCfg = Release|Any CPU
		{7A5D600D-754E-41F4-842C-97D4D6338EE8}.Release|x86.Build.0 = Release|Any CPU
		{7A5D600D-754E-41F4-842C-97D4D6338EE8}.Release|x86.Deploy.0 = Release|Any CPU
		{FF17D586-BBD6-49FC-A8DF-2D9F664582DC}.Ad-Hoc|Any CPU.ActiveCfg = Ad-Hoc|iPhoneSimulator
		{FF17D586-BBD6-49FC-A8DF-2D9F664582DC}.Ad-Hoc|ARM.ActiveCfg = Ad-Hoc|iPhoneSimulator
		{FF17D586-BBD6-49FC-A8DF-2D9F664582DC}.Ad-Hoc|ARM64.ActiveCfg = Ad-Hoc|iPhoneSimulator
		{FF17D586-BBD6-49FC-A8DF-2D9F664582DC}.Ad-Hoc|iPhone.ActiveCfg = Ad-Hoc|iPhone
		{FF17D586-BBD6-49FC-A8DF-2D9F664582DC}.Ad-Hoc|iPhone.Build.0 = Ad-Hoc|iPhone
		{FF17D586-BBD6-49FC-A8DF-2D9F664582DC}.Ad-Hoc|iPhoneSimulator.ActiveCfg = Ad-Hoc|iPhoneSimulator
		{FF17D586-BBD6-49FC-A8DF-2D9F664582DC}.Ad-Hoc|iPhoneSimulator.Build.0 = Ad-Hoc|iPhoneSimulator
		{FF17D586-BBD6-49FC-A8DF-2D9F664582DC}.Ad-Hoc|x64.ActiveCfg = Ad-Hoc|iPhoneSimulator
		{FF17D586-BBD6-49FC-A8DF-2D9F664582DC}.Ad-Hoc|x86.ActiveCfg = Ad-Hoc|iPhoneSimulator
		{FF17D586-BBD6-49FC-A8DF-2D9F664582DC}.AppStore|Any CPU.ActiveCfg = AppStore|iPhoneSimulator
		{FF17D586-BBD6-49FC-A8DF-2D9F664582DC}.AppStore|ARM.ActiveCfg = AppStore|iPhoneSimulator
		{FF17D586-BBD6-49FC-A8DF-2D9F664582DC}.AppStore|ARM64.ActiveCfg = AppStore|iPhoneSimulator
		{FF17D586-BBD6-49FC-A8DF-2D9F664582DC}.AppStore|iPhone.ActiveCfg = AppStore|iPhone
		{FF17D586-BBD6-49FC-A8DF-2D9F664582DC}.AppStore|iPhone.Build.0 = AppStore|iPhone
		{FF17D586-BBD6-49FC-A8DF-2D9F664582DC}.AppStore|iPhoneSimulator.ActiveCfg = AppStore|iPhoneSimulator
		{FF17D586-BBD6-49FC-A8DF-2D9F664582DC}.AppStore|iPhoneSimulator.Build.0 = AppStore|iPhoneSimulator
		{FF17D586-BBD6-49FC-A8DF-2D9F664582DC}.AppStore|x64.ActiveCfg = AppStore|iPhoneSimulator
		{FF17D586-BBD6-49FC-A8DF-2D9F664582DC}.AppStore|x86.ActiveCfg = AppStore|iPhoneSimulator
		{FF17D586-BBD6-49FC-A8DF-2D9F664582DC}.Debug|Any CPU.ActiveCfg = Debug|iPhoneSimulator
		{FF17D586-BBD6-49FC-A8DF-2D9F664582DC}.Debug|ARM.ActiveCfg = Debug|iPhoneSimulator
		{FF17D586-BBD6-49FC-A8DF-2D9F664582DC}.Debug|ARM64.ActiveCfg = Debug|iPhoneSimulator
		{FF17D586-BBD6-49FC-A8DF-2D9F664582DC}.Debug|iPhone.ActiveCfg = Debug|iPhone
		{FF17D586-BBD6-49FC-A8DF-2D9F664582DC}.Debug|iPhone.Build.0 = Debug|iPhone
		{FF17D586-BBD6-49FC-A8DF-2D9F664582DC}.Debug|iPhoneSimulator.ActiveCfg = Debug|iPhoneSimulator
		{FF17D586-BBD6-49FC-A8DF-2D9F664582DC}.Debug|iPhoneSimulator.Build.0 = Debug|iPhoneSimulator
		{FF17D586-BBD6-49FC-A8DF-2D9F664582DC}.Debug|x64.ActiveCfg = Debug|iPhoneSimulator
		{FF17D586-BBD6-49FC-A8DF-2D9F664582DC}.Debug|x86.ActiveCfg = Debug|iPhoneSimulator
		{FF17D586-BBD6-49FC-A8DF-2D9F664582DC}.Release|Any CPU.ActiveCfg = Release|iPhoneSimulator
		{FF17D586-BBD6-49FC-A8DF-2D9F664582DC}.Release|ARM.ActiveCfg = Release|iPhoneSimulator
		{FF17D586-BBD6-49FC-A8DF-2D9F664582DC}.Release|ARM64.ActiveCfg = Release|iPhoneSimulator
		{FF17D586-BBD6-49FC-A8DF-2D9F664582DC}.Release|iPhone.ActiveCfg = Release|iPhone
		{FF17D586-BBD6-49FC-A8DF-2D9F664582DC}.Release|iPhone.Build.0 = Release|iPhone
		{FF17D586-BBD6-49FC-A8DF-2D9F664582DC}.Release|iPhoneSimulator.ActiveCfg = Release|iPhoneSimulator
		{FF17D586-BBD6-49FC-A8DF-2D9F664582DC}.Release|iPhoneSimulator.Build.0 = Release|iPhoneSimulator
		{FF17D586-BBD6-49FC-A8DF-2D9F664582DC}.Release|x64.ActiveCfg = Release|iPhoneSimulator
		{FF17D586-BBD6-49FC-A8DF-2D9F664582DC}.Release|x86.ActiveCfg = Release|iPhoneSimulator
		{B7123586-6D02-4B5D-8DA5-203F6236D4D3}.Ad-Hoc|Any CPU.ActiveCfg = Debug|x86
		{B7123586-6D02-4B5D-8DA5-203F6236D4D3}.Ad-Hoc|Any CPU.Build.0 = Debug|x86
		{B7123586-6D02-4B5D-8DA5-203F6236D4D3}.Ad-Hoc|Any CPU.Deploy.0 = Debug|x86
		{B7123586-6D02-4B5D-8DA5-203F6236D4D3}.Ad-Hoc|ARM.ActiveCfg = Debug|ARM
		{B7123586-6D02-4B5D-8DA5-203F6236D4D3}.Ad-Hoc|ARM.Build.0 = Debug|ARM
		{B7123586-6D02-4B5D-8DA5-203F6236D4D3}.Ad-Hoc|ARM.Deploy.0 = Debug|ARM
		{B7123586-6D02-4B5D-8DA5-203F6236D4D3}.Ad-Hoc|ARM64.ActiveCfg = Debug|ARM64
		{B7123586-6D02-4B5D-8DA5-203F6236D4D3}.Ad-Hoc|ARM64.Build.0 = Debug|ARM64
		{B7123586-6D02-4B5D-8DA5-203F6236D4D3}.Ad-Hoc|ARM64.Deploy.0 = Debug|ARM64
		{B7123586-6D02-4B5D-8DA5-203F6236D4D3}.Ad-Hoc|iPhone.ActiveCfg = Debug|x86
		{B7123586-6D02-4B5D-8DA5-203F6236D4D3}.Ad-Hoc|iPhone.Build.0 = Debug|x86
		{B7123586-6D02-4B5D-8DA5-203F6236D4D3}.Ad-Hoc|iPhone.Deploy.0 = Debug|x86
		{B7123586-6D02-4B5D-8DA5-203F6236D4D3}.Ad-Hoc|iPhoneSimulator.ActiveCfg = Debug|x86
		{B7123586-6D02-4B5D-8DA5-203F6236D4D3}.Ad-Hoc|iPhoneSimulator.Build.0 = Debug|x86
		{B7123586-6D02-4B5D-8DA5-203F6236D4D3}.Ad-Hoc|iPhoneSimulator.Deploy.0 = Debug|x86
		{B7123586-6D02-4B5D-8DA5-203F6236D4D3}.Ad-Hoc|x64.ActiveCfg = Debug|x64
		{B7123586-6D02-4B5D-8DA5-203F6236D4D3}.Ad-Hoc|x64.Build.0 = Debug|x64
		{B7123586-6D02-4B5D-8DA5-203F6236D4D3}.Ad-Hoc|x64.Deploy.0 = Debug|x64
		{B7123586-6D02-4B5D-8DA5-203F6236D4D3}.Ad-Hoc|x86.ActiveCfg = Debug|x86
		{B7123586-6D02-4B5D-8DA5-203F6236D4D3}.Ad-Hoc|x86.Build.0 = Debug|x86
		{B7123586-6D02-4B5D-8DA5-203F6236D4D3}.Ad-Hoc|x86.Deploy.0 = Debug|x86
		{B7123586-6D02-4B5D-8DA5-203F6236D4D3}.AppStore|Any CPU.ActiveCfg = Debug|x86
		{B7123586-6D02-4B5D-8DA5-203F6236D4D3}.AppStore|Any CPU.Build.0 = Debug|x86
		{B7123586-6D02-4B5D-8DA5-203F6236D4D3}.AppStore|Any CPU.Deploy.0 = Debug|x86
		{B7123586-6D02-4B5D-8DA5-203F6236D4D3}.AppStore|ARM.ActiveCfg = Debug|ARM
		{B7123586-6D02-4B5D-8DA5-203F6236D4D3}.AppStore|ARM.Build.0 = Debug|ARM
		{B7123586-6D02-4B5D-8DA5-203F6236D4D3}.AppStore|ARM.Deploy.0 = Debug|ARM
		{B7123586-6D02-4B5D-8DA5-203F6236D4D3}.AppStore|ARM64.ActiveCfg = Debug|ARM64
		{B7123586-6D02-4B5D-8DA5-203F6236D4D3}.AppStore|ARM64.Build.0 = Debug|ARM64
		{B7123586-6D02-4B5D-8DA5-203F6236D4D3}.AppStore|ARM64.Deploy.0 = Debug|ARM64
		{B7123586-6D02-4B5D-8DA5-203F6236D4D3}.AppStore|iPhone.ActiveCfg = Debug|x86
		{B7123586-6D02-4B5D-8DA5-203F6236D4D3}.AppStore|iPhone.Build.0 = Debug|x86
		{B7123586-6D02-4B5D-8DA5-203F6236D4D3}.AppStore|iPhone.Deploy.0 = Debug|x86
		{B7123586-6D02-4B5D-8DA5-203F6236D4D3}.AppStore|iPhoneSimulator.ActiveCfg = Debug|x86
		{B7123586-6D02-4B5D-8DA5-203F6236D4D3}.AppStore|iPhoneSimulator.Build.0 = Debug|x86
		{B7123586-6D02-4B5D-8DA5-203F6236D4D3}.AppStore|iPhoneSimulator.Deploy.0 = Debug|x86
		{B7123586-6D02-4B5D-8DA5-203F6236D4D3}.AppStore|x64.ActiveCfg = Debug|x64
		{B7123586-6D02-4B5D-8DA5-203F6236D4D3}.AppStore|x64.Build.0 = Debug|x64
		{B7123586-6D02-4B5D-8DA5-203F6236D4D3}.AppStore|x64.Deploy.0 = Debug|x64
		{B7123586-6D02-4B5D-8DA5-203F6236D4D3}.AppStore|x86.ActiveCfg = Debug|x86
		{B7123586-6D02-4B5D-8DA5-203F6236D4D3}.AppStore|x86.Build.0 = Debug|x86
		{B7123586-6D02-4B5D-8DA5-203F6236D4D3}.AppStore|x86.Deploy.0 = Debug|x86
		{B7123586-6D02-4B5D-8DA5-203F6236D4D3}.Debug|Any CPU.ActiveCfg = Debug|x86
		{B7123586-6D02-4B5D-8DA5-203F6236D4D3}.Debug|Any CPU.Build.0 = Debug|x86
		{B7123586-6D02-4B5D-8DA5-203F6236D4D3}.Debug|Any CPU.Deploy.0 = Debug|x86
		{B7123586-6D02-4B5D-8DA5-203F6236D4D3}.Debug|ARM.ActiveCfg = Debug|ARM
		{B7123586-6D02-4B5D-8DA5-203F6236D4D3}.Debug|ARM.Build.0 = Debug|ARM
		{B7123586-6D02-4B5D-8DA5-203F6236D4D3}.Debug|ARM.Deploy.0 = Debug|ARM
		{B7123586-6D02-4B5D-8DA5-203F6236D4D3}.Debug|ARM64.ActiveCfg = Debug|ARM64
		{B7123586-6D02-4B5D-8DA5-203F6236D4D3}.Debug|ARM64.Build.0 = Debug|ARM64
		{B7123586-6D02-4B5D-8DA5-203F6236D4D3}.Debug|ARM64.Deploy.0 = Debug|ARM64
		{B7123586-6D02-4B5D-8DA5-203F6236D4D3}.Debug|iPhone.ActiveCfg = Debug|x86
		{B7123586-6D02-4B5D-8DA5-203F6236D4D3}.Debug|iPhoneSimulator.ActiveCfg = Debug|x86
		{B7123586-6D02-4B5D-8DA5-203F6236D4D3}.Debug|x64.ActiveCfg = Debug|x64
		{B7123586-6D02-4B5D-8DA5-203F6236D4D3}.Debug|x64.Build.0 = Debug|x64
		{B7123586-6D02-4B5D-8DA5-203F6236D4D3}.Debug|x64.Deploy.0 = Debug|x64
		{B7123586-6D02-4B5D-8DA5-203F6236D4D3}.Debug|x86.ActiveCfg = Debug|x86
		{B7123586-6D02-4B5D-8DA5-203F6236D4D3}.Debug|x86.Build.0 = Debug|x86
		{B7123586-6D02-4B5D-8DA5-203F6236D4D3}.Debug|x86.Deploy.0 = Debug|x86
		{B7123586-6D02-4B5D-8DA5-203F6236D4D3}.Release|Any CPU.ActiveCfg = Release|x86
		{B7123586-6D02-4B5D-8DA5-203F6236D4D3}.Release|ARM.ActiveCfg = Release|ARM
		{B7123586-6D02-4B5D-8DA5-203F6236D4D3}.Release|ARM.Build.0 = Release|ARM
		{B7123586-6D02-4B5D-8DA5-203F6236D4D3}.Release|ARM.Deploy.0 = Release|ARM
		{B7123586-6D02-4B5D-8DA5-203F6236D4D3}.Release|ARM64.ActiveCfg = Release|ARM64
		{B7123586-6D02-4B5D-8DA5-203F6236D4D3}.Release|ARM64.Build.0 = Release|ARM64
		{B7123586-6D02-4B5D-8DA5-203F6236D4D3}.Release|ARM64.Deploy.0 = Release|ARM64
		{B7123586-6D02-4B5D-8DA5-203F6236D4D3}.Release|iPhone.ActiveCfg = Release|x86
		{B7123586-6D02-4B5D-8DA5-203F6236D4D3}.Release|iPhoneSimulator.ActiveCfg = Release|x86
		{B7123586-6D02-4B5D-8DA5-203F6236D4D3}.Release|x64.ActiveCfg = Release|x64
		{B7123586-6D02-4B5D-8DA5-203F6236D4D3}.Release|x64.Build.0 = Release|x64
		{B7123586-6D02-4B5D-8DA5-203F6236D4D3}.Release|x64.Deploy.0 = Release|x64
		{B7123586-6D02-4B5D-8DA5-203F6236D4D3}.Release|x86.ActiveCfg = Release|x86
		{B7123586-6D02-4B5D-8DA5-203F6236D4D3}.Release|x86.Build.0 = Release|x86
		{B7123586-6D02-4B5D-8DA5-203F6236D4D3}.Release|x86.Deploy.0 = Release|x86
		{F52BBB40-1ADE-4B66-AAD0-550858E929C6}.Ad-Hoc|Any CPU.ActiveCfg = Debug|Any CPU
		{F52BBB40-1ADE-4B66-AAD0-550858E929C6}.Ad-Hoc|Any CPU.Build.0 = Debug|Any CPU
		{F52BBB40-1ADE-4B66-AAD0-550858E929C6}.Ad-Hoc|ARM.ActiveCfg = Debug|Any CPU
		{F52BBB40-1ADE-4B66-AAD0-550858E929C6}.Ad-Hoc|ARM.Build.0 = Debug|Any CPU
		{F52BBB40-1ADE-4B66-AAD0-550858E929C6}.Ad-Hoc|ARM64.ActiveCfg = Debug|Any CPU
		{F52BBB40-1ADE-4B66-AAD0-550858E929C6}.Ad-Hoc|ARM64.Build.0 = Debug|Any CPU
		{F52BBB40-1ADE-4B66-AAD0-550858E929C6}.Ad-Hoc|iPhone.ActiveCfg = Debug|Any CPU
		{F52BBB40-1ADE-4B66-AAD0-550858E929C6}.Ad-Hoc|iPhone.Build.0 = Debug|Any CPU
		{F52BBB40-1ADE-4B66-AAD0-550858E929C6}.Ad-Hoc|iPhoneSimulator.ActiveCfg = Debug|Any CPU
		{F52BBB40-1ADE-4B66-AAD0-550858E929C6}.Ad-Hoc|iPhoneSimulator.Build.0 = Debug|Any CPU
		{F52BBB40-1ADE-4B66-AAD0-550858E929C6}.Ad-Hoc|x64.ActiveCfg = Debug|Any CPU
		{F52BBB40-1ADE-4B66-AAD0-550858E929C6}.Ad-Hoc|x64.Build.0 = Debug|Any CPU
		{F52BBB40-1ADE-4B66-AAD0-550858E929C6}.Ad-Hoc|x86.ActiveCfg = Debug|Any CPU
		{F52BBB40-1ADE-4B66-AAD0-550858E929C6}.Ad-Hoc|x86.Build.0 = Debug|Any CPU
		{F52BBB40-1ADE-4B66-AAD0-550858E929C6}.AppStore|Any CPU.ActiveCfg = Debug|Any CPU
		{F52BBB40-1ADE-4B66-AAD0-550858E929C6}.AppStore|Any CPU.Build.0 = Debug|Any CPU
		{F52BBB40-1ADE-4B66-AAD0-550858E929C6}.AppStore|ARM.ActiveCfg = Debug|Any CPU
		{F52BBB40-1ADE-4B66-AAD0-550858E929C6}.AppStore|ARM.Build.0 = Debug|Any CPU
		{F52BBB40-1ADE-4B66-AAD0-550858E929C6}.AppStore|ARM64.ActiveCfg = Debug|Any CPU
		{F52BBB40-1ADE-4B66-AAD0-550858E929C6}.AppStore|ARM64.Build.0 = Debug|Any CPU
		{F52BBB40-1ADE-4B66-AAD0-550858E929C6}.AppStore|iPhone.ActiveCfg = Debug|Any CPU
		{F52BBB40-1ADE-4B66-AAD0-550858E929C6}.AppStore|iPhone.Build.0 = Debug|Any CPU
		{F52BBB40-1ADE-4B66-AAD0-550858E929C6}.AppStore|iPhoneSimulator.ActiveCfg = Debug|Any CPU
		{F52BBB40-1ADE-4B66-AAD0-550858E929C6}.AppStore|iPhoneSimulator.Build.0 = Debug|Any CPU
		{F52BBB40-1ADE-4B66-AAD0-550858E929C6}.AppStore|x64.ActiveCfg = Debug|Any CPU
		{F52BBB40-1ADE-4B66-AAD0-550858E929C6}.AppStore|x64.Build.0 = Debug|Any CPU
		{F52BBB40-1ADE-4B66-AAD0-550858E929C6}.AppStore|x86.ActiveCfg = Debug|Any CPU
		{F52BBB40-1ADE-4B66-AAD0-550858E929C6}.AppStore|x86.Build.0 = Debug|Any CPU
		{F52BBB40-1ADE-4B66-AAD0-550858E929C6}.Debug|Any CPU.ActiveCfg = Debug|Any CPU
		{F52BBB40-1ADE-4B66-AAD0-550858E929C6}.Debug|Any CPU.Build.0 = Debug|Any CPU
		{F52BBB40-1ADE-4B66-AAD0-550858E929C6}.Debug|ARM.ActiveCfg = Debug|Any CPU
		{F52BBB40-1ADE-4B66-AAD0-550858E929C6}.Debug|ARM.Build.0 = Debug|Any CPU
		{F52BBB40-1ADE-4B66-AAD0-550858E929C6}.Debug|ARM64.ActiveCfg = Debug|Any CPU
		{F52BBB40-1ADE-4B66-AAD0-550858E929C6}.Debug|ARM64.Build.0 = Debug|Any CPU
		{F52BBB40-1ADE-4B66-AAD0-550858E929C6}.Debug|iPhone.ActiveCfg = Debug|Any CPU
		{F52BBB40-1ADE-4B66-AAD0-550858E929C6}.Debug|iPhone.Build.0 = Debug|Any CPU
		{F52BBB40-1ADE-4B66-AAD0-550858E929C6}.Debug|iPhoneSimulator.ActiveCfg = Debug|Any CPU
		{F52BBB40-1ADE-4B66-AAD0-550858E929C6}.Debug|iPhoneSimulator.Build.0 = Debug|Any CPU
		{F52BBB40-1ADE-4B66-AAD0-550858E929C6}.Debug|x64.ActiveCfg = Debug|Any CPU
		{F52BBB40-1ADE-4B66-AAD0-550858E929C6}.Debug|x64.Build.0 = Debug|Any CPU
		{F52BBB40-1ADE-4B66-AAD0-550858E929C6}.Debug|x86.ActiveCfg = Debug|Any CPU
		{F52BBB40-1ADE-4B66-AAD0-550858E929C6}.Debug|x86.Build.0 = Debug|Any CPU
		{F52BBB40-1ADE-4B66-AAD0-550858E929C6}.Release|Any CPU.ActiveCfg = Release|Any CPU
		{F52BBB40-1ADE-4B66-AAD0-550858E929C6}.Release|Any CPU.Build.0 = Release|Any CPU
		{F52BBB40-1ADE-4B66-AAD0-550858E929C6}.Release|ARM.ActiveCfg = Release|Any CPU
		{F52BBB40-1ADE-4B66-AAD0-550858E929C6}.Release|ARM.Build.0 = Release|Any CPU
		{F52BBB40-1ADE-4B66-AAD0-550858E929C6}.Release|ARM64.ActiveCfg = Release|Any CPU
		{F52BBB40-1ADE-4B66-AAD0-550858E929C6}.Release|ARM64.Build.0 = Release|Any CPU
		{F52BBB40-1ADE-4B66-AAD0-550858E929C6}.Release|iPhone.ActiveCfg = Release|Any CPU
		{F52BBB40-1ADE-4B66-AAD0-550858E929C6}.Release|iPhone.Build.0 = Release|Any CPU
		{F52BBB40-1ADE-4B66-AAD0-550858E929C6}.Release|iPhoneSimulator.ActiveCfg = Release|Any CPU
		{F52BBB40-1ADE-4B66-AAD0-550858E929C6}.Release|iPhoneSimulator.Build.0 = Release|Any CPU
		{F52BBB40-1ADE-4B66-AAD0-550858E929C6}.Release|x64.ActiveCfg = Release|Any CPU
		{F52BBB40-1ADE-4B66-AAD0-550858E929C6}.Release|x64.Build.0 = Release|Any CPU
		{F52BBB40-1ADE-4B66-AAD0-550858E929C6}.Release|x86.ActiveCfg = Release|Any CPU
		{F52BBB40-1ADE-4B66-AAD0-550858E929C6}.Release|x86.Build.0 = Release|Any CPU
		{C2630437-24B6-468F-9DB4-630216B1F854}.Ad-Hoc|Any CPU.ActiveCfg = Debug|iPhoneSimulator
		{C2630437-24B6-468F-9DB4-630216B1F854}.Ad-Hoc|Any CPU.Build.0 = Debug|iPhoneSimulator
		{C2630437-24B6-468F-9DB4-630216B1F854}.Ad-Hoc|ARM.ActiveCfg = Debug|iPhoneSimulator
		{C2630437-24B6-468F-9DB4-630216B1F854}.Ad-Hoc|ARM.Build.0 = Debug|iPhoneSimulator
		{C2630437-24B6-468F-9DB4-630216B1F854}.Ad-Hoc|ARM64.ActiveCfg = Debug|iPhoneSimulator
		{C2630437-24B6-468F-9DB4-630216B1F854}.Ad-Hoc|ARM64.Build.0 = Debug|iPhoneSimulator
		{C2630437-24B6-468F-9DB4-630216B1F854}.Ad-Hoc|iPhone.ActiveCfg = Debug|iPhoneSimulator
		{C2630437-24B6-468F-9DB4-630216B1F854}.Ad-Hoc|iPhone.Build.0 = Debug|iPhoneSimulator
		{C2630437-24B6-468F-9DB4-630216B1F854}.Ad-Hoc|iPhoneSimulator.ActiveCfg = Debug|iPhoneSimulator
		{C2630437-24B6-468F-9DB4-630216B1F854}.Ad-Hoc|iPhoneSimulator.Build.0 = Debug|iPhoneSimulator
		{C2630437-24B6-468F-9DB4-630216B1F854}.Ad-Hoc|x64.ActiveCfg = Debug|iPhoneSimulator
		{C2630437-24B6-468F-9DB4-630216B1F854}.Ad-Hoc|x64.Build.0 = Debug|iPhoneSimulator
		{C2630437-24B6-468F-9DB4-630216B1F854}.Ad-Hoc|x86.ActiveCfg = Debug|iPhoneSimulator
		{C2630437-24B6-468F-9DB4-630216B1F854}.Ad-Hoc|x86.Build.0 = Debug|iPhoneSimulator
		{C2630437-24B6-468F-9DB4-630216B1F854}.AppStore|Any CPU.ActiveCfg = Debug|iPhoneSimulator
		{C2630437-24B6-468F-9DB4-630216B1F854}.AppStore|Any CPU.Build.0 = Debug|iPhoneSimulator
		{C2630437-24B6-468F-9DB4-630216B1F854}.AppStore|ARM.ActiveCfg = Debug|iPhoneSimulator
		{C2630437-24B6-468F-9DB4-630216B1F854}.AppStore|ARM.Build.0 = Debug|iPhoneSimulator
		{C2630437-24B6-468F-9DB4-630216B1F854}.AppStore|ARM64.ActiveCfg = Debug|iPhoneSimulator
		{C2630437-24B6-468F-9DB4-630216B1F854}.AppStore|ARM64.Build.0 = Debug|iPhoneSimulator
		{C2630437-24B6-468F-9DB4-630216B1F854}.AppStore|iPhone.ActiveCfg = Debug|iPhoneSimulator
		{C2630437-24B6-468F-9DB4-630216B1F854}.AppStore|iPhone.Build.0 = Debug|iPhoneSimulator
		{C2630437-24B6-468F-9DB4-630216B1F854}.AppStore|iPhoneSimulator.ActiveCfg = Debug|iPhoneSimulator
		{C2630437-24B6-468F-9DB4-630216B1F854}.AppStore|iPhoneSimulator.Build.0 = Debug|iPhoneSimulator
		{C2630437-24B6-468F-9DB4-630216B1F854}.AppStore|x64.ActiveCfg = Debug|iPhoneSimulator
		{C2630437-24B6-468F-9DB4-630216B1F854}.AppStore|x64.Build.0 = Debug|iPhoneSimulator
		{C2630437-24B6-468F-9DB4-630216B1F854}.AppStore|x86.ActiveCfg = Debug|iPhoneSimulator
		{C2630437-24B6-468F-9DB4-630216B1F854}.AppStore|x86.Build.0 = Debug|iPhoneSimulator
		{C2630437-24B6-468F-9DB4-630216B1F854}.Debug|Any CPU.ActiveCfg = Debug|iPhoneSimulator
		{C2630437-24B6-468F-9DB4-630216B1F854}.Debug|ARM.ActiveCfg = Debug|iPhoneSimulator
		{C2630437-24B6-468F-9DB4-630216B1F854}.Debug|ARM64.ActiveCfg = Debug|iPhoneSimulator
		{C2630437-24B6-468F-9DB4-630216B1F854}.Debug|iPhone.ActiveCfg = Debug|iPhoneSimulator
		{C2630437-24B6-468F-9DB4-630216B1F854}.Debug|iPhoneSimulator.ActiveCfg = Debug|iPhoneSimulator
		{C2630437-24B6-468F-9DB4-630216B1F854}.Debug|iPhoneSimulator.Build.0 = Debug|iPhoneSimulator
		{C2630437-24B6-468F-9DB4-630216B1F854}.Debug|x64.ActiveCfg = Debug|iPhoneSimulator
		{C2630437-24B6-468F-9DB4-630216B1F854}.Debug|x86.ActiveCfg = Debug|iPhoneSimulator
		{C2630437-24B6-468F-9DB4-630216B1F854}.Release|Any CPU.ActiveCfg = Release|iPhoneSimulator
		{C2630437-24B6-468F-9DB4-630216B1F854}.Release|ARM.ActiveCfg = Release|iPhoneSimulator
		{C2630437-24B6-468F-9DB4-630216B1F854}.Release|ARM64.ActiveCfg = Release|iPhoneSimulator
		{C2630437-24B6-468F-9DB4-630216B1F854}.Release|iPhone.ActiveCfg = Release|iPhoneSimulator
		{C2630437-24B6-468F-9DB4-630216B1F854}.Release|iPhoneSimulator.ActiveCfg = Release|iPhoneSimulator
		{C2630437-24B6-468F-9DB4-630216B1F854}.Release|iPhoneSimulator.Build.0 = Release|iPhoneSimulator
		{C2630437-24B6-468F-9DB4-630216B1F854}.Release|x64.ActiveCfg = Release|iPhoneSimulator
		{C2630437-24B6-468F-9DB4-630216B1F854}.Release|x86.ActiveCfg = Release|iPhoneSimulator
		{34BA8DA8-11C2-4270-82B3-7C48B666D92D}.Ad-Hoc|Any CPU.ActiveCfg = Debug|Any CPU
		{34BA8DA8-11C2-4270-82B3-7C48B666D92D}.Ad-Hoc|Any CPU.Build.0 = Debug|Any CPU
		{34BA8DA8-11C2-4270-82B3-7C48B666D92D}.Ad-Hoc|ARM.ActiveCfg = Debug|Any CPU
		{34BA8DA8-11C2-4270-82B3-7C48B666D92D}.Ad-Hoc|ARM.Build.0 = Debug|Any CPU
		{34BA8DA8-11C2-4270-82B3-7C48B666D92D}.Ad-Hoc|ARM64.ActiveCfg = Debug|Any CPU
		{34BA8DA8-11C2-4270-82B3-7C48B666D92D}.Ad-Hoc|ARM64.Build.0 = Debug|Any CPU
		{34BA8DA8-11C2-4270-82B3-7C48B666D92D}.Ad-Hoc|iPhone.ActiveCfg = Debug|Any CPU
		{34BA8DA8-11C2-4270-82B3-7C48B666D92D}.Ad-Hoc|iPhone.Build.0 = Debug|Any CPU
		{34BA8DA8-11C2-4270-82B3-7C48B666D92D}.Ad-Hoc|iPhoneSimulator.ActiveCfg = Debug|Any CPU
		{34BA8DA8-11C2-4270-82B3-7C48B666D92D}.Ad-Hoc|iPhoneSimulator.Build.0 = Debug|Any CPU
		{34BA8DA8-11C2-4270-82B3-7C48B666D92D}.Ad-Hoc|x64.ActiveCfg = Debug|Any CPU
		{34BA8DA8-11C2-4270-82B3-7C48B666D92D}.Ad-Hoc|x64.Build.0 = Debug|Any CPU
		{34BA8DA8-11C2-4270-82B3-7C48B666D92D}.Ad-Hoc|x86.ActiveCfg = Debug|Any CPU
		{34BA8DA8-11C2-4270-82B3-7C48B666D92D}.Ad-Hoc|x86.Build.0 = Debug|Any CPU
		{34BA8DA8-11C2-4270-82B3-7C48B666D92D}.AppStore|Any CPU.ActiveCfg = Debug|Any CPU
		{34BA8DA8-11C2-4270-82B3-7C48B666D92D}.AppStore|Any CPU.Build.0 = Debug|Any CPU
		{34BA8DA8-11C2-4270-82B3-7C48B666D92D}.AppStore|ARM.ActiveCfg = Debug|Any CPU
		{34BA8DA8-11C2-4270-82B3-7C48B666D92D}.AppStore|ARM.Build.0 = Debug|Any CPU
		{34BA8DA8-11C2-4270-82B3-7C48B666D92D}.AppStore|ARM64.ActiveCfg = Debug|Any CPU
		{34BA8DA8-11C2-4270-82B3-7C48B666D92D}.AppStore|ARM64.Build.0 = Debug|Any CPU
		{34BA8DA8-11C2-4270-82B3-7C48B666D92D}.AppStore|iPhone.ActiveCfg = Debug|Any CPU
		{34BA8DA8-11C2-4270-82B3-7C48B666D92D}.AppStore|iPhone.Build.0 = Debug|Any CPU
		{34BA8DA8-11C2-4270-82B3-7C48B666D92D}.AppStore|iPhoneSimulator.ActiveCfg = Debug|Any CPU
		{34BA8DA8-11C2-4270-82B3-7C48B666D92D}.AppStore|iPhoneSimulator.Build.0 = Debug|Any CPU
		{34BA8DA8-11C2-4270-82B3-7C48B666D92D}.AppStore|x64.ActiveCfg = Debug|Any CPU
		{34BA8DA8-11C2-4270-82B3-7C48B666D92D}.AppStore|x64.Build.0 = Debug|Any CPU
		{34BA8DA8-11C2-4270-82B3-7C48B666D92D}.AppStore|x86.ActiveCfg = Debug|Any CPU
		{34BA8DA8-11C2-4270-82B3-7C48B666D92D}.AppStore|x86.Build.0 = Debug|Any CPU
		{34BA8DA8-11C2-4270-82B3-7C48B666D92D}.Debug|Any CPU.ActiveCfg = Debug|Any CPU
		{34BA8DA8-11C2-4270-82B3-7C48B666D92D}.Debug|Any CPU.Build.0 = Debug|Any CPU
		{34BA8DA8-11C2-4270-82B3-7C48B666D92D}.Debug|ARM.ActiveCfg = Debug|Any CPU
		{34BA8DA8-11C2-4270-82B3-7C48B666D92D}.Debug|ARM.Build.0 = Debug|Any CPU
		{34BA8DA8-11C2-4270-82B3-7C48B666D92D}.Debug|ARM64.ActiveCfg = Debug|Any CPU
		{34BA8DA8-11C2-4270-82B3-7C48B666D92D}.Debug|ARM64.Build.0 = Debug|Any CPU
		{34BA8DA8-11C2-4270-82B3-7C48B666D92D}.Debug|iPhone.ActiveCfg = Debug|Any CPU
		{34BA8DA8-11C2-4270-82B3-7C48B666D92D}.Debug|iPhone.Build.0 = Debug|Any CPU
		{34BA8DA8-11C2-4270-82B3-7C48B666D92D}.Debug|iPhoneSimulator.ActiveCfg = Debug|Any CPU
		{34BA8DA8-11C2-4270-82B3-7C48B666D92D}.Debug|iPhoneSimulator.Build.0 = Debug|Any CPU
		{34BA8DA8-11C2-4270-82B3-7C48B666D92D}.Debug|x64.ActiveCfg = Debug|Any CPU
		{34BA8DA8-11C2-4270-82B3-7C48B666D92D}.Debug|x64.Build.0 = Debug|Any CPU
		{34BA8DA8-11C2-4270-82B3-7C48B666D92D}.Debug|x86.ActiveCfg = Debug|Any CPU
		{34BA8DA8-11C2-4270-82B3-7C48B666D92D}.Debug|x86.Build.0 = Debug|Any CPU
		{34BA8DA8-11C2-4270-82B3-7C48B666D92D}.Release|Any CPU.ActiveCfg = Release|Any CPU
		{34BA8DA8-11C2-4270-82B3-7C48B666D92D}.Release|Any CPU.Build.0 = Release|Any CPU
		{34BA8DA8-11C2-4270-82B3-7C48B666D92D}.Release|ARM.ActiveCfg = Release|Any CPU
		{34BA8DA8-11C2-4270-82B3-7C48B666D92D}.Release|ARM.Build.0 = Release|Any CPU
		{34BA8DA8-11C2-4270-82B3-7C48B666D92D}.Release|ARM64.ActiveCfg = Release|Any CPU
		{34BA8DA8-11C2-4270-82B3-7C48B666D92D}.Release|ARM64.Build.0 = Release|Any CPU
		{34BA8DA8-11C2-4270-82B3-7C48B666D92D}.Release|iPhone.ActiveCfg = Release|Any CPU
		{34BA8DA8-11C2-4270-82B3-7C48B666D92D}.Release|iPhone.Build.0 = Release|Any CPU
		{34BA8DA8-11C2-4270-82B3-7C48B666D92D}.Release|iPhoneSimulator.ActiveCfg = Release|Any CPU
		{34BA8DA8-11C2-4270-82B3-7C48B666D92D}.Release|iPhoneSimulator.Build.0 = Release|Any CPU
		{34BA8DA8-11C2-4270-82B3-7C48B666D92D}.Release|x64.ActiveCfg = Release|Any CPU
		{34BA8DA8-11C2-4270-82B3-7C48B666D92D}.Release|x64.Build.0 = Release|Any CPU
		{34BA8DA8-11C2-4270-82B3-7C48B666D92D}.Release|x86.ActiveCfg = Release|Any CPU
		{34BA8DA8-11C2-4270-82B3-7C48B666D92D}.Release|x86.Build.0 = Release|Any CPU
		{641A4A34-8780-4B8C-930B-02D5803A013F}.Ad-Hoc|Any CPU.ActiveCfg = Debug|Any CPU
		{641A4A34-8780-4B8C-930B-02D5803A013F}.Ad-Hoc|Any CPU.Build.0 = Debug|Any CPU
		{641A4A34-8780-4B8C-930B-02D5803A013F}.Ad-Hoc|ARM.ActiveCfg = Debug|Any CPU
		{641A4A34-8780-4B8C-930B-02D5803A013F}.Ad-Hoc|ARM.Build.0 = Debug|Any CPU
		{641A4A34-8780-4B8C-930B-02D5803A013F}.Ad-Hoc|ARM64.ActiveCfg = Debug|Any CPU
		{641A4A34-8780-4B8C-930B-02D5803A013F}.Ad-Hoc|ARM64.Build.0 = Debug|Any CPU
		{641A4A34-8780-4B8C-930B-02D5803A013F}.Ad-Hoc|iPhone.ActiveCfg = Debug|Any CPU
		{641A4A34-8780-4B8C-930B-02D5803A013F}.Ad-Hoc|iPhone.Build.0 = Debug|Any CPU
		{641A4A34-8780-4B8C-930B-02D5803A013F}.Ad-Hoc|iPhoneSimulator.ActiveCfg = Debug|Any CPU
		{641A4A34-8780-4B8C-930B-02D5803A013F}.Ad-Hoc|iPhoneSimulator.Build.0 = Debug|Any CPU
		{641A4A34-8780-4B8C-930B-02D5803A013F}.Ad-Hoc|x64.ActiveCfg = Debug|Any CPU
		{641A4A34-8780-4B8C-930B-02D5803A013F}.Ad-Hoc|x64.Build.0 = Debug|Any CPU
		{641A4A34-8780-4B8C-930B-02D5803A013F}.Ad-Hoc|x86.ActiveCfg = Debug|Any CPU
		{641A4A34-8780-4B8C-930B-02D5803A013F}.Ad-Hoc|x86.Build.0 = Debug|Any CPU
		{641A4A34-8780-4B8C-930B-02D5803A013F}.AppStore|Any CPU.ActiveCfg = Debug|Any CPU
		{641A4A34-8780-4B8C-930B-02D5803A013F}.AppStore|Any CPU.Build.0 = Debug|Any CPU
		{641A4A34-8780-4B8C-930B-02D5803A013F}.AppStore|ARM.ActiveCfg = Debug|Any CPU
		{641A4A34-8780-4B8C-930B-02D5803A013F}.AppStore|ARM.Build.0 = Debug|Any CPU
		{641A4A34-8780-4B8C-930B-02D5803A013F}.AppStore|ARM64.ActiveCfg = Debug|Any CPU
		{641A4A34-8780-4B8C-930B-02D5803A013F}.AppStore|ARM64.Build.0 = Debug|Any CPU
		{641A4A34-8780-4B8C-930B-02D5803A013F}.AppStore|iPhone.ActiveCfg = Debug|Any CPU
		{641A4A34-8780-4B8C-930B-02D5803A013F}.AppStore|iPhone.Build.0 = Debug|Any CPU
		{641A4A34-8780-4B8C-930B-02D5803A013F}.AppStore|iPhoneSimulator.ActiveCfg = Debug|Any CPU
		{641A4A34-8780-4B8C-930B-02D5803A013F}.AppStore|iPhoneSimulator.Build.0 = Debug|Any CPU
		{641A4A34-8780-4B8C-930B-02D5803A013F}.AppStore|x64.ActiveCfg = Debug|Any CPU
		{641A4A34-8780-4B8C-930B-02D5803A013F}.AppStore|x64.Build.0 = Debug|Any CPU
		{641A4A34-8780-4B8C-930B-02D5803A013F}.AppStore|x86.ActiveCfg = Debug|Any CPU
		{641A4A34-8780-4B8C-930B-02D5803A013F}.AppStore|x86.Build.0 = Debug|Any CPU
		{641A4A34-8780-4B8C-930B-02D5803A013F}.Debug|Any CPU.ActiveCfg = Debug|Any CPU
		{641A4A34-8780-4B8C-930B-02D5803A013F}.Debug|Any CPU.Build.0 = Debug|Any CPU
		{641A4A34-8780-4B8C-930B-02D5803A013F}.Debug|ARM.ActiveCfg = Debug|Any CPU
		{641A4A34-8780-4B8C-930B-02D5803A013F}.Debug|ARM.Build.0 = Debug|Any CPU
		{641A4A34-8780-4B8C-930B-02D5803A013F}.Debug|ARM64.ActiveCfg = Debug|Any CPU
		{641A4A34-8780-4B8C-930B-02D5803A013F}.Debug|ARM64.Build.0 = Debug|Any CPU
		{641A4A34-8780-4B8C-930B-02D5803A013F}.Debug|iPhone.ActiveCfg = Debug|Any CPU
		{641A4A34-8780-4B8C-930B-02D5803A013F}.Debug|iPhone.Build.0 = Debug|Any CPU
		{641A4A34-8780-4B8C-930B-02D5803A013F}.Debug|iPhoneSimulator.ActiveCfg = Debug|Any CPU
		{641A4A34-8780-4B8C-930B-02D5803A013F}.Debug|iPhoneSimulator.Build.0 = Debug|Any CPU
		{641A4A34-8780-4B8C-930B-02D5803A013F}.Debug|x64.ActiveCfg = Debug|Any CPU
		{641A4A34-8780-4B8C-930B-02D5803A013F}.Debug|x64.Build.0 = Debug|Any CPU
		{641A4A34-8780-4B8C-930B-02D5803A013F}.Debug|x86.ActiveCfg = Debug|Any CPU
		{641A4A34-8780-4B8C-930B-02D5803A013F}.Debug|x86.Build.0 = Debug|Any CPU
		{641A4A34-8780-4B8C-930B-02D5803A013F}.Release|Any CPU.ActiveCfg = Release|Any CPU
		{641A4A34-8780-4B8C-930B-02D5803A013F}.Release|Any CPU.Build.0 = Release|Any CPU
		{641A4A34-8780-4B8C-930B-02D5803A013F}.Release|ARM.ActiveCfg = Release|Any CPU
		{641A4A34-8780-4B8C-930B-02D5803A013F}.Release|ARM.Build.0 = Release|Any CPU
		{641A4A34-8780-4B8C-930B-02D5803A013F}.Release|ARM64.ActiveCfg = Release|Any CPU
		{641A4A34-8780-4B8C-930B-02D5803A013F}.Release|ARM64.Build.0 = Release|Any CPU
		{641A4A34-8780-4B8C-930B-02D5803A013F}.Release|iPhone.ActiveCfg = Release|Any CPU
		{641A4A34-8780-4B8C-930B-02D5803A013F}.Release|iPhone.Build.0 = Release|Any CPU
		{641A4A34-8780-4B8C-930B-02D5803A013F}.Release|iPhoneSimulator.ActiveCfg = Release|Any CPU
		{641A4A34-8780-4B8C-930B-02D5803A013F}.Release|iPhoneSimulator.Build.0 = Release|Any CPU
		{641A4A34-8780-4B8C-930B-02D5803A013F}.Release|x64.ActiveCfg = Release|Any CPU
		{641A4A34-8780-4B8C-930B-02D5803A013F}.Release|x64.Build.0 = Release|Any CPU
		{641A4A34-8780-4B8C-930B-02D5803A013F}.Release|x86.ActiveCfg = Release|Any CPU
		{641A4A34-8780-4B8C-930B-02D5803A013F}.Release|x86.Build.0 = Release|Any CPU
		{7F16D9E9-BB58-4526-8CA0-863C938E867C}.Ad-Hoc|Any CPU.ActiveCfg = Debug|Any CPU
		{7F16D9E9-BB58-4526-8CA0-863C938E867C}.Ad-Hoc|Any CPU.Build.0 = Debug|Any CPU
		{7F16D9E9-BB58-4526-8CA0-863C938E867C}.Ad-Hoc|ARM.ActiveCfg = Debug|Any CPU
		{7F16D9E9-BB58-4526-8CA0-863C938E867C}.Ad-Hoc|ARM.Build.0 = Debug|Any CPU
		{7F16D9E9-BB58-4526-8CA0-863C938E867C}.Ad-Hoc|ARM64.ActiveCfg = Debug|Any CPU
		{7F16D9E9-BB58-4526-8CA0-863C938E867C}.Ad-Hoc|ARM64.Build.0 = Debug|Any CPU
		{7F16D9E9-BB58-4526-8CA0-863C938E867C}.Ad-Hoc|iPhone.ActiveCfg = Debug|Any CPU
		{7F16D9E9-BB58-4526-8CA0-863C938E867C}.Ad-Hoc|iPhone.Build.0 = Debug|Any CPU
		{7F16D9E9-BB58-4526-8CA0-863C938E867C}.Ad-Hoc|iPhoneSimulator.ActiveCfg = Debug|Any CPU
		{7F16D9E9-BB58-4526-8CA0-863C938E867C}.Ad-Hoc|iPhoneSimulator.Build.0 = Debug|Any CPU
		{7F16D9E9-BB58-4526-8CA0-863C938E867C}.Ad-Hoc|x64.ActiveCfg = Debug|Any CPU
		{7F16D9E9-BB58-4526-8CA0-863C938E867C}.Ad-Hoc|x64.Build.0 = Debug|Any CPU
		{7F16D9E9-BB58-4526-8CA0-863C938E867C}.Ad-Hoc|x86.ActiveCfg = Debug|Any CPU
		{7F16D9E9-BB58-4526-8CA0-863C938E867C}.Ad-Hoc|x86.Build.0 = Debug|Any CPU
		{7F16D9E9-BB58-4526-8CA0-863C938E867C}.AppStore|Any CPU.ActiveCfg = Debug|Any CPU
		{7F16D9E9-BB58-4526-8CA0-863C938E867C}.AppStore|Any CPU.Build.0 = Debug|Any CPU
		{7F16D9E9-BB58-4526-8CA0-863C938E867C}.AppStore|ARM.ActiveCfg = Debug|Any CPU
		{7F16D9E9-BB58-4526-8CA0-863C938E867C}.AppStore|ARM.Build.0 = Debug|Any CPU
		{7F16D9E9-BB58-4526-8CA0-863C938E867C}.AppStore|ARM64.ActiveCfg = Debug|Any CPU
		{7F16D9E9-BB58-4526-8CA0-863C938E867C}.AppStore|ARM64.Build.0 = Debug|Any CPU
		{7F16D9E9-BB58-4526-8CA0-863C938E867C}.AppStore|iPhone.ActiveCfg = Debug|Any CPU
		{7F16D9E9-BB58-4526-8CA0-863C938E867C}.AppStore|iPhone.Build.0 = Debug|Any CPU
		{7F16D9E9-BB58-4526-8CA0-863C938E867C}.AppStore|iPhoneSimulator.ActiveCfg = Debug|Any CPU
		{7F16D9E9-BB58-4526-8CA0-863C938E867C}.AppStore|iPhoneSimulator.Build.0 = Debug|Any CPU
		{7F16D9E9-BB58-4526-8CA0-863C938E867C}.AppStore|x64.ActiveCfg = Debug|Any CPU
		{7F16D9E9-BB58-4526-8CA0-863C938E867C}.AppStore|x64.Build.0 = Debug|Any CPU
		{7F16D9E9-BB58-4526-8CA0-863C938E867C}.AppStore|x86.ActiveCfg = Debug|Any CPU
		{7F16D9E9-BB58-4526-8CA0-863C938E867C}.AppStore|x86.Build.0 = Debug|Any CPU
		{7F16D9E9-BB58-4526-8CA0-863C938E867C}.Debug|Any CPU.ActiveCfg = Debug|Any CPU
		{7F16D9E9-BB58-4526-8CA0-863C938E867C}.Debug|Any CPU.Build.0 = Debug|Any CPU
		{7F16D9E9-BB58-4526-8CA0-863C938E867C}.Debug|ARM.ActiveCfg = Debug|Any CPU
		{7F16D9E9-BB58-4526-8CA0-863C938E867C}.Debug|ARM.Build.0 = Debug|Any CPU
		{7F16D9E9-BB58-4526-8CA0-863C938E867C}.Debug|ARM64.ActiveCfg = Debug|Any CPU
		{7F16D9E9-BB58-4526-8CA0-863C938E867C}.Debug|ARM64.Build.0 = Debug|Any CPU
		{7F16D9E9-BB58-4526-8CA0-863C938E867C}.Debug|iPhone.ActiveCfg = Debug|Any CPU
		{7F16D9E9-BB58-4526-8CA0-863C938E867C}.Debug|iPhone.Build.0 = Debug|Any CPU
		{7F16D9E9-BB58-4526-8CA0-863C938E867C}.Debug|iPhoneSimulator.ActiveCfg = Debug|Any CPU
		{7F16D9E9-BB58-4526-8CA0-863C938E867C}.Debug|iPhoneSimulator.Build.0 = Debug|Any CPU
		{7F16D9E9-BB58-4526-8CA0-863C938E867C}.Debug|x64.ActiveCfg = Debug|Any CPU
		{7F16D9E9-BB58-4526-8CA0-863C938E867C}.Debug|x64.Build.0 = Debug|Any CPU
		{7F16D9E9-BB58-4526-8CA0-863C938E867C}.Debug|x86.ActiveCfg = Debug|Any CPU
		{7F16D9E9-BB58-4526-8CA0-863C938E867C}.Debug|x86.Build.0 = Debug|Any CPU
		{7F16D9E9-BB58-4526-8CA0-863C938E867C}.Release|Any CPU.ActiveCfg = Release|Any CPU
		{7F16D9E9-BB58-4526-8CA0-863C938E867C}.Release|Any CPU.Build.0 = Release|Any CPU
		{7F16D9E9-BB58-4526-8CA0-863C938E867C}.Release|ARM.ActiveCfg = Release|Any CPU
		{7F16D9E9-BB58-4526-8CA0-863C938E867C}.Release|ARM.Build.0 = Release|Any CPU
		{7F16D9E9-BB58-4526-8CA0-863C938E867C}.Release|ARM64.ActiveCfg = Release|Any CPU
		{7F16D9E9-BB58-4526-8CA0-863C938E867C}.Release|ARM64.Build.0 = Release|Any CPU
		{7F16D9E9-BB58-4526-8CA0-863C938E867C}.Release|iPhone.ActiveCfg = Release|Any CPU
		{7F16D9E9-BB58-4526-8CA0-863C938E867C}.Release|iPhone.Build.0 = Release|Any CPU
		{7F16D9E9-BB58-4526-8CA0-863C938E867C}.Release|iPhoneSimulator.ActiveCfg = Release|Any CPU
		{7F16D9E9-BB58-4526-8CA0-863C938E867C}.Release|iPhoneSimulator.Build.0 = Release|Any CPU
		{7F16D9E9-BB58-4526-8CA0-863C938E867C}.Release|x64.ActiveCfg = Release|Any CPU
		{7F16D9E9-BB58-4526-8CA0-863C938E867C}.Release|x64.Build.0 = Release|Any CPU
		{7F16D9E9-BB58-4526-8CA0-863C938E867C}.Release|x86.ActiveCfg = Release|Any CPU
		{7F16D9E9-BB58-4526-8CA0-863C938E867C}.Release|x86.Build.0 = Release|Any CPU
		{DEB4437C-CF35-4E16-B0EB-DFF3430D53FE}.Ad-Hoc|Any CPU.ActiveCfg = Debug|Any CPU
		{DEB4437C-CF35-4E16-B0EB-DFF3430D53FE}.Ad-Hoc|Any CPU.Build.0 = Debug|Any CPU
		{DEB4437C-CF35-4E16-B0EB-DFF3430D53FE}.Ad-Hoc|ARM.ActiveCfg = Debug|Any CPU
		{DEB4437C-CF35-4E16-B0EB-DFF3430D53FE}.Ad-Hoc|ARM.Build.0 = Debug|Any CPU
		{DEB4437C-CF35-4E16-B0EB-DFF3430D53FE}.Ad-Hoc|ARM64.ActiveCfg = Debug|Any CPU
		{DEB4437C-CF35-4E16-B0EB-DFF3430D53FE}.Ad-Hoc|ARM64.Build.0 = Debug|Any CPU
		{DEB4437C-CF35-4E16-B0EB-DFF3430D53FE}.Ad-Hoc|iPhone.ActiveCfg = Debug|Any CPU
		{DEB4437C-CF35-4E16-B0EB-DFF3430D53FE}.Ad-Hoc|iPhone.Build.0 = Debug|Any CPU
		{DEB4437C-CF35-4E16-B0EB-DFF3430D53FE}.Ad-Hoc|iPhoneSimulator.ActiveCfg = Debug|Any CPU
		{DEB4437C-CF35-4E16-B0EB-DFF3430D53FE}.Ad-Hoc|iPhoneSimulator.Build.0 = Debug|Any CPU
		{DEB4437C-CF35-4E16-B0EB-DFF3430D53FE}.Ad-Hoc|x64.ActiveCfg = Debug|Any CPU
		{DEB4437C-CF35-4E16-B0EB-DFF3430D53FE}.Ad-Hoc|x64.Build.0 = Debug|Any CPU
		{DEB4437C-CF35-4E16-B0EB-DFF3430D53FE}.Ad-Hoc|x86.ActiveCfg = Debug|Any CPU
		{DEB4437C-CF35-4E16-B0EB-DFF3430D53FE}.Ad-Hoc|x86.Build.0 = Debug|Any CPU
		{DEB4437C-CF35-4E16-B0EB-DFF3430D53FE}.AppStore|Any CPU.ActiveCfg = Debug|Any CPU
		{DEB4437C-CF35-4E16-B0EB-DFF3430D53FE}.AppStore|Any CPU.Build.0 = Debug|Any CPU
		{DEB4437C-CF35-4E16-B0EB-DFF3430D53FE}.AppStore|ARM.ActiveCfg = Debug|Any CPU
		{DEB4437C-CF35-4E16-B0EB-DFF3430D53FE}.AppStore|ARM.Build.0 = Debug|Any CPU
		{DEB4437C-CF35-4E16-B0EB-DFF3430D53FE}.AppStore|ARM64.ActiveCfg = Debug|Any CPU
		{DEB4437C-CF35-4E16-B0EB-DFF3430D53FE}.AppStore|ARM64.Build.0 = Debug|Any CPU
		{DEB4437C-CF35-4E16-B0EB-DFF3430D53FE}.AppStore|iPhone.ActiveCfg = Debug|Any CPU
		{DEB4437C-CF35-4E16-B0EB-DFF3430D53FE}.AppStore|iPhone.Build.0 = Debug|Any CPU
		{DEB4437C-CF35-4E16-B0EB-DFF3430D53FE}.AppStore|iPhoneSimulator.ActiveCfg = Debug|Any CPU
		{DEB4437C-CF35-4E16-B0EB-DFF3430D53FE}.AppStore|iPhoneSimulator.Build.0 = Debug|Any CPU
		{DEB4437C-CF35-4E16-B0EB-DFF3430D53FE}.AppStore|x64.ActiveCfg = Debug|Any CPU
		{DEB4437C-CF35-4E16-B0EB-DFF3430D53FE}.AppStore|x64.Build.0 = Debug|Any CPU
		{DEB4437C-CF35-4E16-B0EB-DFF3430D53FE}.AppStore|x86.ActiveCfg = Debug|Any CPU
		{DEB4437C-CF35-4E16-B0EB-DFF3430D53FE}.AppStore|x86.Build.0 = Debug|Any CPU
		{DEB4437C-CF35-4E16-B0EB-DFF3430D53FE}.Debug|Any CPU.ActiveCfg = Debug|Any CPU
		{DEB4437C-CF35-4E16-B0EB-DFF3430D53FE}.Debug|Any CPU.Build.0 = Debug|Any CPU
		{DEB4437C-CF35-4E16-B0EB-DFF3430D53FE}.Debug|ARM.ActiveCfg = Debug|Any CPU
		{DEB4437C-CF35-4E16-B0EB-DFF3430D53FE}.Debug|ARM.Build.0 = Debug|Any CPU
		{DEB4437C-CF35-4E16-B0EB-DFF3430D53FE}.Debug|ARM64.ActiveCfg = Debug|Any CPU
		{DEB4437C-CF35-4E16-B0EB-DFF3430D53FE}.Debug|ARM64.Build.0 = Debug|Any CPU
		{DEB4437C-CF35-4E16-B0EB-DFF3430D53FE}.Debug|iPhone.ActiveCfg = Debug|Any CPU
		{DEB4437C-CF35-4E16-B0EB-DFF3430D53FE}.Debug|iPhone.Build.0 = Debug|Any CPU
		{DEB4437C-CF35-4E16-B0EB-DFF3430D53FE}.Debug|iPhoneSimulator.ActiveCfg = Debug|Any CPU
		{DEB4437C-CF35-4E16-B0EB-DFF3430D53FE}.Debug|iPhoneSimulator.Build.0 = Debug|Any CPU
		{DEB4437C-CF35-4E16-B0EB-DFF3430D53FE}.Debug|x64.ActiveCfg = Debug|Any CPU
		{DEB4437C-CF35-4E16-B0EB-DFF3430D53FE}.Debug|x64.Build.0 = Debug|Any CPU
		{DEB4437C-CF35-4E16-B0EB-DFF3430D53FE}.Debug|x86.ActiveCfg = Debug|Any CPU
		{DEB4437C-CF35-4E16-B0EB-DFF3430D53FE}.Debug|x86.Build.0 = Debug|Any CPU
		{DEB4437C-CF35-4E16-B0EB-DFF3430D53FE}.Release|Any CPU.ActiveCfg = Release|Any CPU
		{DEB4437C-CF35-4E16-B0EB-DFF3430D53FE}.Release|Any CPU.Build.0 = Release|Any CPU
		{DEB4437C-CF35-4E16-B0EB-DFF3430D53FE}.Release|ARM.ActiveCfg = Release|Any CPU
		{DEB4437C-CF35-4E16-B0EB-DFF3430D53FE}.Release|ARM.Build.0 = Release|Any CPU
		{DEB4437C-CF35-4E16-B0EB-DFF3430D53FE}.Release|ARM64.ActiveCfg = Release|Any CPU
		{DEB4437C-CF35-4E16-B0EB-DFF3430D53FE}.Release|ARM64.Build.0 = Release|Any CPU
		{DEB4437C-CF35-4E16-B0EB-DFF3430D53FE}.Release|iPhone.ActiveCfg = Release|Any CPU
		{DEB4437C-CF35-4E16-B0EB-DFF3430D53FE}.Release|iPhone.Build.0 = Release|Any CPU
		{DEB4437C-CF35-4E16-B0EB-DFF3430D53FE}.Release|iPhoneSimulator.ActiveCfg = Release|Any CPU
		{DEB4437C-CF35-4E16-B0EB-DFF3430D53FE}.Release|iPhoneSimulator.Build.0 = Release|Any CPU
		{DEB4437C-CF35-4E16-B0EB-DFF3430D53FE}.Release|x64.ActiveCfg = Release|Any CPU
		{DEB4437C-CF35-4E16-B0EB-DFF3430D53FE}.Release|x64.Build.0 = Release|Any CPU
		{DEB4437C-CF35-4E16-B0EB-DFF3430D53FE}.Release|x86.ActiveCfg = Release|Any CPU
		{DEB4437C-CF35-4E16-B0EB-DFF3430D53FE}.Release|x86.Build.0 = Release|Any CPU
		{DE7E9780-F1C8-4E4C-88D0-1A532476DD65}.Ad-Hoc|Any CPU.ActiveCfg = Debug|Any CPU
		{DE7E9780-F1C8-4E4C-88D0-1A532476DD65}.Ad-Hoc|Any CPU.Build.0 = Debug|Any CPU
		{DE7E9780-F1C8-4E4C-88D0-1A532476DD65}.Ad-Hoc|ARM.ActiveCfg = Debug|Any CPU
		{DE7E9780-F1C8-4E4C-88D0-1A532476DD65}.Ad-Hoc|ARM.Build.0 = Debug|Any CPU
		{DE7E9780-F1C8-4E4C-88D0-1A532476DD65}.Ad-Hoc|ARM64.ActiveCfg = Debug|Any CPU
		{DE7E9780-F1C8-4E4C-88D0-1A532476DD65}.Ad-Hoc|ARM64.Build.0 = Debug|Any CPU
		{DE7E9780-F1C8-4E4C-88D0-1A532476DD65}.Ad-Hoc|iPhone.ActiveCfg = Debug|Any CPU
		{DE7E9780-F1C8-4E4C-88D0-1A532476DD65}.Ad-Hoc|iPhone.Build.0 = Debug|Any CPU
		{DE7E9780-F1C8-4E4C-88D0-1A532476DD65}.Ad-Hoc|iPhoneSimulator.ActiveCfg = Debug|Any CPU
		{DE7E9780-F1C8-4E4C-88D0-1A532476DD65}.Ad-Hoc|iPhoneSimulator.Build.0 = Debug|Any CPU
		{DE7E9780-F1C8-4E4C-88D0-1A532476DD65}.Ad-Hoc|x64.ActiveCfg = Debug|Any CPU
		{DE7E9780-F1C8-4E4C-88D0-1A532476DD65}.Ad-Hoc|x64.Build.0 = Debug|Any CPU
		{DE7E9780-F1C8-4E4C-88D0-1A532476DD65}.Ad-Hoc|x86.ActiveCfg = Debug|Any CPU
		{DE7E9780-F1C8-4E4C-88D0-1A532476DD65}.Ad-Hoc|x86.Build.0 = Debug|Any CPU
		{DE7E9780-F1C8-4E4C-88D0-1A532476DD65}.AppStore|Any CPU.ActiveCfg = Debug|Any CPU
		{DE7E9780-F1C8-4E4C-88D0-1A532476DD65}.AppStore|Any CPU.Build.0 = Debug|Any CPU
		{DE7E9780-F1C8-4E4C-88D0-1A532476DD65}.AppStore|ARM.ActiveCfg = Debug|Any CPU
		{DE7E9780-F1C8-4E4C-88D0-1A532476DD65}.AppStore|ARM.Build.0 = Debug|Any CPU
		{DE7E9780-F1C8-4E4C-88D0-1A532476DD65}.AppStore|ARM64.ActiveCfg = Debug|Any CPU
		{DE7E9780-F1C8-4E4C-88D0-1A532476DD65}.AppStore|ARM64.Build.0 = Debug|Any CPU
		{DE7E9780-F1C8-4E4C-88D0-1A532476DD65}.AppStore|iPhone.ActiveCfg = Debug|Any CPU
		{DE7E9780-F1C8-4E4C-88D0-1A532476DD65}.AppStore|iPhone.Build.0 = Debug|Any CPU
		{DE7E9780-F1C8-4E4C-88D0-1A532476DD65}.AppStore|iPhoneSimulator.ActiveCfg = Debug|Any CPU
		{DE7E9780-F1C8-4E4C-88D0-1A532476DD65}.AppStore|iPhoneSimulator.Build.0 = Debug|Any CPU
		{DE7E9780-F1C8-4E4C-88D0-1A532476DD65}.AppStore|x64.ActiveCfg = Debug|Any CPU
		{DE7E9780-F1C8-4E4C-88D0-1A532476DD65}.AppStore|x64.Build.0 = Debug|Any CPU
		{DE7E9780-F1C8-4E4C-88D0-1A532476DD65}.AppStore|x86.ActiveCfg = Debug|Any CPU
		{DE7E9780-F1C8-4E4C-88D0-1A532476DD65}.AppStore|x86.Build.0 = Debug|Any CPU
		{DE7E9780-F1C8-4E4C-88D0-1A532476DD65}.Debug|Any CPU.ActiveCfg = Debug|Any CPU
		{DE7E9780-F1C8-4E4C-88D0-1A532476DD65}.Debug|Any CPU.Build.0 = Debug|Any CPU
		{DE7E9780-F1C8-4E4C-88D0-1A532476DD65}.Debug|ARM.ActiveCfg = Debug|Any CPU
		{DE7E9780-F1C8-4E4C-88D0-1A532476DD65}.Debug|ARM.Build.0 = Debug|Any CPU
		{DE7E9780-F1C8-4E4C-88D0-1A532476DD65}.Debug|ARM64.ActiveCfg = Debug|Any CPU
		{DE7E9780-F1C8-4E4C-88D0-1A532476DD65}.Debug|ARM64.Build.0 = Debug|Any CPU
		{DE7E9780-F1C8-4E4C-88D0-1A532476DD65}.Debug|iPhone.ActiveCfg = Debug|Any CPU
		{DE7E9780-F1C8-4E4C-88D0-1A532476DD65}.Debug|iPhone.Build.0 = Debug|Any CPU
		{DE7E9780-F1C8-4E4C-88D0-1A532476DD65}.Debug|iPhoneSimulator.ActiveCfg = Debug|Any CPU
		{DE7E9780-F1C8-4E4C-88D0-1A532476DD65}.Debug|iPhoneSimulator.Build.0 = Debug|Any CPU
		{DE7E9780-F1C8-4E4C-88D0-1A532476DD65}.Debug|x64.ActiveCfg = Debug|Any CPU
		{DE7E9780-F1C8-4E4C-88D0-1A532476DD65}.Debug|x64.Build.0 = Debug|Any CPU
		{DE7E9780-F1C8-4E4C-88D0-1A532476DD65}.Debug|x86.ActiveCfg = Debug|Any CPU
		{DE7E9780-F1C8-4E4C-88D0-1A532476DD65}.Debug|x86.Build.0 = Debug|Any CPU
		{DE7E9780-F1C8-4E4C-88D0-1A532476DD65}.Release|Any CPU.ActiveCfg = Release|Any CPU
		{DE7E9780-F1C8-4E4C-88D0-1A532476DD65}.Release|Any CPU.Build.0 = Release|Any CPU
		{DE7E9780-F1C8-4E4C-88D0-1A532476DD65}.Release|ARM.ActiveCfg = Release|Any CPU
		{DE7E9780-F1C8-4E4C-88D0-1A532476DD65}.Release|ARM.Build.0 = Release|Any CPU
		{DE7E9780-F1C8-4E4C-88D0-1A532476DD65}.Release|ARM64.ActiveCfg = Release|Any CPU
		{DE7E9780-F1C8-4E4C-88D0-1A532476DD65}.Release|ARM64.Build.0 = Release|Any CPU
		{DE7E9780-F1C8-4E4C-88D0-1A532476DD65}.Release|iPhone.ActiveCfg = Release|Any CPU
		{DE7E9780-F1C8-4E4C-88D0-1A532476DD65}.Release|iPhone.Build.0 = Release|Any CPU
		{DE7E9780-F1C8-4E4C-88D0-1A532476DD65}.Release|iPhoneSimulator.ActiveCfg = Release|Any CPU
		{DE7E9780-F1C8-4E4C-88D0-1A532476DD65}.Release|iPhoneSimulator.Build.0 = Release|Any CPU
		{DE7E9780-F1C8-4E4C-88D0-1A532476DD65}.Release|x64.ActiveCfg = Release|Any CPU
		{DE7E9780-F1C8-4E4C-88D0-1A532476DD65}.Release|x64.Build.0 = Release|Any CPU
		{DE7E9780-F1C8-4E4C-88D0-1A532476DD65}.Release|x86.ActiveCfg = Release|Any CPU
		{DE7E9780-F1C8-4E4C-88D0-1A532476DD65}.Release|x86.Build.0 = Release|Any CPU
	EndGlobalSection
	GlobalSection(SolutionProperties) = preSolution
		HideSolutionNode = FALSE
	EndGlobalSection
	GlobalSection(NestedProjects) = preSolution
		{7A5D600D-754E-41F4-842C-97D4D6338EE8} = {FB298C07-A144-479C-A5B7-AAE55DAACD45}
		{FF17D586-BBD6-49FC-A8DF-2D9F664582DC} = {FB298C07-A144-479C-A5B7-AAE55DAACD45}
		{B7123586-6D02-4B5D-8DA5-203F6236D4D3} = {FB298C07-A144-479C-A5B7-AAE55DAACD45}
		{F52BBB40-1ADE-4B66-AAD0-550858E929C6} = {FB298C07-A144-479C-A5B7-AAE55DAACD45}
		{C2630437-24B6-468F-9DB4-630216B1F854} = {FB298C07-A144-479C-A5B7-AAE55DAACD45}
		{34BA8DA8-11C2-4270-82B3-7C48B666D92D} = {FB298C07-A144-479C-A5B7-AAE55DAACD45}
		{641A4A34-8780-4B8C-930B-02D5803A013F} = {FB298C07-A144-479C-A5B7-AAE55DAACD45}
		{7F16D9E9-BB58-4526-8CA0-863C938E867C} = {FB298C07-A144-479C-A5B7-AAE55DAACD45}
		{DEB4437C-CF35-4E16-B0EB-DFF3430D53FE} = {FB298C07-A144-479C-A5B7-AAE55DAACD45}
	EndGlobalSection
	GlobalSection(ExtensibilityGlobals) = postSolution
		SolutionGuid = {605AE9B1-ED99-47F0-ABE5-E6A923730118}
	EndGlobalSection
EndGlobal
